// !$*UTF8*$!
{
	archiveVersion = 1;
	classes = {
	};
	objectVersion = 56;
	objects = {

/* Begin PBXBuildFile section */
		0416B1D92981A8B800C10768 /* MoreDetailsViewController.swift in Sources */ = {isa = PBXBuildFile; fileRef = 0416B1D82981A8B800C10768 /* MoreDetailsViewController.swift */; };
		042201B52975B7E600BBE70A /* WelcomeViewController.swift in Sources */ = {isa = PBXBuildFile; fileRef = 042201B42975B7E600BBE70A /* WelcomeViewController.swift */; };
		042201B92976F45F00BBE70A /* UserModel.swift in Sources */ = {isa = PBXBuildFile; fileRef = 042201B82976F45F00BBE70A /* UserModel.swift */; };
		042201BB2976FDCD00BBE70A /* UserInfoViewController.swift in Sources */ = {isa = PBXBuildFile; fileRef = 042201BA2976FDCD00BBE70A /* UserInfoViewController.swift */; };
		04BDB8E82970669E002BA11D /* AppDelegate.swift in Sources */ = {isa = PBXBuildFile; fileRef = 04BDB8E72970669E002BA11D /* AppDelegate.swift */; };
		04BDB8EA2970669E002BA11D /* SceneDelegate.swift in Sources */ = {isa = PBXBuildFile; fileRef = 04BDB8E92970669E002BA11D /* SceneDelegate.swift */; };
		04BDB8EC2970669E002BA11D /* LoginViewController.swift in Sources */ = {isa = PBXBuildFile; fileRef = 04BDB8EB2970669E002BA11D /* LoginViewController.swift */; };
		04BDB8F1297066A2002BA11D /* Assets.xcassets in Resources */ = {isa = PBXBuildFile; fileRef = 04BDB8F0297066A2002BA11D /* Assets.xcassets */; };
		04BDB8F4297066A2002BA11D /* LaunchScreen.storyboard in Resources */ = {isa = PBXBuildFile; fileRef = 04BDB8F2297066A2002BA11D /* LaunchScreen.storyboard */; };
/* End PBXBuildFile section */

/* Begin PBXFileReference section */
		0416B1D82981A8B800C10768 /* MoreDetailsViewController.swift */ = {isa = PBXFileReference; lastKnownFileType = sourcecode.swift; path = MoreDetailsViewController.swift; sourceTree = "<group>"; };
		042201B42975B7E600BBE70A /* WelcomeViewController.swift */ = {isa = PBXFileReference; lastKnownFileType = sourcecode.swift; path = WelcomeViewController.swift; sourceTree = "<group>"; };
		042201B82976F45F00BBE70A /* UserModel.swift */ = {isa = PBXFileReference; lastKnownFileType = sourcecode.swift; path = UserModel.swift; sourceTree = "<group>"; };
		042201BA2976FDCD00BBE70A /* UserInfoViewController.swift */ = {isa = PBXFileReference; lastKnownFileType = sourcecode.swift; path = UserInfoViewController.swift; sourceTree = "<group>"; };
		04BDB8E42970669E002BA11D /* LoginWithoutStoryboards3.app */ = {isa = PBXFileReference; explicitFileType = wrapper.application; includeInIndex = 0; path = LoginWithoutStoryboards3.app; sourceTree = BUILT_PRODUCTS_DIR; };
		04BDB8E72970669E002BA11D /* AppDelegate.swift */ = {isa = PBXFileReference; lastKnownFileType = sourcecode.swift; path = AppDelegate.swift; sourceTree = "<group>"; };
		04BDB8E92970669E002BA11D /* SceneDelegate.swift */ = {isa = PBXFileReference; lastKnownFileType = sourcecode.swift; path = SceneDelegate.swift; sourceTree = "<group>"; };
		04BDB8EB2970669E002BA11D /* LoginViewController.swift */ = {isa = PBXFileReference; lastKnownFileType = sourcecode.swift; path = LoginViewController.swift; sourceTree = "<group>"; };
		04BDB8F0297066A2002BA11D /* Assets.xcassets */ = {isa = PBXFileReference; lastKnownFileType = folder.assetcatalog; path = Assets.xcassets; sourceTree = "<group>"; };
		04BDB8F3297066A2002BA11D /* Base */ = {isa = PBXFileReference; lastKnownFileType = file.storyboard; name = Base; path = Base.lproj/LaunchScreen.storyboard; sourceTree = "<group>"; };
		04BDB8F5297066A2002BA11D /* Info.plist */ = {isa = PBXFileReference; lastKnownFileType = text.plist.xml; path = Info.plist; sourceTree = "<group>"; };
/* End PBXFileReference section */

/* Begin PBXFrameworksBuildPhase section */
		04BDB8E12970669E002BA11D /* Frameworks */ = {
			isa = PBXFrameworksBuildPhase;
			buildActionMask = 2147483647;
			files = (
			);
			runOnlyForDeploymentPostprocessing = 0;
		};
/* End PBXFrameworksBuildPhase section */

/* Begin PBXGroup section */
		04BDB8DB2970669E002BA11D = {
			isa = PBXGroup;
			children = (
				04BDB8E62970669E002BA11D /* LoginWithoutStoryboards3 */,
				04BDB8E52970669E002BA11D /* Products */,
			);
			sourceTree = "<group>";
		};
		04BDB8E52970669E002BA11D /* Products */ = {
			isa = PBXGroup;
			children = (
				04BDB8E42970669E002BA11D /* LoginWithoutStoryboards3.app */,
			);
			name = Products;
			sourceTree = "<group>";
		};
		04BDB8E62970669E002BA11D /* LoginWithoutStoryboards3 */ = {
			isa = PBXGroup;
			children = (
				04BDB8E72970669E002BA11D /* AppDelegate.swift */,
				04BDB8E92970669E002BA11D /* SceneDelegate.swift */,
				04BDB8EB2970669E002BA11D /* LoginViewController.swift */,
				042201B42975B7E600BBE70A /* WelcomeViewController.swift */,
				042201BA2976FDCD00BBE70A /* UserInfoViewController.swift */,
				0416B1D82981A8B800C10768 /* MoreDetailsViewController.swift */,
				042201B82976F45F00BBE70A /* UserModel.swift */,
				04BDB8F0297066A2002BA11D /* Assets.xcassets */,
				04BDB8F2297066A2002BA11D /* LaunchScreen.storyboard */,
				04BDB8F5297066A2002BA11D /* Info.plist */,
			);
			path = LoginWithoutStoryboards3;
			sourceTree = "<group>";
		};
/* End PBXGroup section */

/* Begin PBXNativeTarget section */
		04BDB8E32970669E002BA11D /* LoginWithoutStoryboards3 */ = {
			isa = PBXNativeTarget;
			buildConfigurationList = 04BDB8F8297066A2002BA11D /* Build configuration list for PBXNativeTarget "LoginWithoutStoryboards3" */;
			buildPhases = (
				04BDB8E02970669E002BA11D /* Sources */,
				04BDB8E12970669E002BA11D /* Frameworks */,
				04BDB8E22970669E002BA11D /* Resources */,
			);
			buildRules = (
			);
			dependencies = (
			);
			name = LoginWithoutStoryboards3;
			productName = LoginWithoutStoryboards3;
			productReference = 04BDB8E42970669E002BA11D /* LoginWithoutStoryboards3.app */;
			productType = "com.apple.product-type.application";
		};
/* End PBXNativeTarget section */

/* Begin PBXProject section */
		04BDB8DC2970669E002BA11D /* Project object */ = {
			isa = PBXProject;
			attributes = {
				BuildIndependentTargetsInParallel = 1;
				LastSwiftUpdateCheck = 1420;
				LastUpgradeCheck = 1420;
				TargetAttributes = {
					04BDB8E32970669E002BA11D = {
						CreatedOnToolsVersion = 14.2;
					};
				};
			};
			buildConfigurationList = 04BDB8DF2970669E002BA11D /* Build configuration list for PBXProject "LoginWithoutStoryboards3" */;
			compatibilityVersion = "Xcode 14.0";
			developmentRegion = en;
			hasScannedForEncodings = 0;
			knownRegions = (
				en,
				Base,
			);
			mainGroup = 04BDB8DB2970669E002BA11D;
			productRefGroup = 04BDB8E52970669E002BA11D /* Products */;
			projectDirPath = "";
			projectRoot = "";
			targets = (
				04BDB8E32970669E002BA11D /* LoginWithoutStoryboards3 */,
			);
		};
/* End PBXProject section */

/* Begin PBXResourcesBuildPhase section */
		04BDB8E22970669E002BA11D /* Resources */ = {
			isa = PBXResourcesBuildPhase;
			buildActionMask = 2147483647;
			files = (
				04BDB8F4297066A2002BA11D /* LaunchScreen.storyboard in Resources */,
				04BDB8F1297066A2002BA11D /* Assets.xcassets in Resources */,
			);
			runOnlyForDeploymentPostprocessing = 0;
		};
/* End PBXResourcesBuildPhase section */

/* Begin PBXSourcesBuildPhase section */
		04BDB8E02970669E002BA11D /* Sources */ = {
			isa = PBXSourcesBuildPhase;
			buildActionMask = 2147483647;
			files = (
				04BDB8EC2970669E002BA11D /* LoginViewController.swift in Sources */,
				042201BB2976FDCD00BBE70A /* UserInfoViewController.swift in Sources */,
				042201B52975B7E600BBE70A /* WelcomeViewController.swift in Sources */,
				0416B1D92981A8B800C10768 /* MoreDetailsViewController.swift in Sources */,
				04BDB8E82970669E002BA11D /* AppDelegate.swift in Sources */,
				042201B92976F45F00BBE70A /* UserModel.swift in Sources */,
				04BDB8EA2970669E002BA11D /* SceneDelegate.swift in Sources */,
			);
			runOnlyForDeploymentPostprocessing = 0;
		};
/* End PBXSourcesBuildPhase section */

/* Begin PBXVariantGroup section */
		04BDB8F2297066A2002BA11D /* LaunchScreen.storyboard */ = {
			isa = PBXVariantGroup;
			children = (
				04BDB8F3297066A2002BA11D /* Base */,
			);
			name = LaunchScreen.storyboard;
			sourceTree = "<group>";
		};
/* End PBXVariantGroup section */

/* Begin XCBuildConfiguration section */
		04BDB8F6297066A2002BA11D /* Debug */ = {
			isa = XCBuildConfiguration;
			buildSettings = {
				ALWAYS_SEARCH_USER_PATHS = NO;
				CLANG_ANALYZER_NONNULL = YES;
				CLANG_ANALYZER_NUMBER_OBJECT_CONVERSION = YES_AGGRESSIVE;
				CLANG_CXX_LANGUAGE_STANDARD = "gnu++20";
				CLANG_ENABLE_MODULES = YES;
				CLANG_ENABLE_OBJC_ARC = YES;
				CLANG_ENABLE_OBJC_WEAK = YES;
				CLANG_WARN_BLOCK_CAPTURE_AUTORELEASING = YES;
				CLANG_WARN_BOOL_CONVERSION = YES;
				CLANG_WARN_COMMA = YES;
				CLANG_WARN_CONSTANT_CONVERSION = YES;
				CLANG_WARN_DEPRECATED_OBJC_IMPLEMENTATIONS = YES;
				CLANG_WARN_DIRECT_OBJC_ISA_USAGE = YES_ERROR;
				CLANG_WARN_DOCUMENTATION_COMMENTS = YES;
				CLANG_WARN_EMPTY_BODY = YES;
				CLANG_WARN_ENUM_CONVERSION = YES;
				CLANG_WARN_INFINITE_RECURSION = YES;
				CLANG_WARN_INT_CONVERSION = YES;
				CLANG_WARN_NON_LITERAL_NULL_CONVERSION = YES;
				CLANG_WARN_OBJC_IMPLICIT_RETAIN_SELF = YES;
				CLANG_WARN_OBJC_LITERAL_CONVERSION = YES;
				CLANG_WARN_OBJC_ROOT_CLASS = YES_ERROR;
				CLANG_WARN_QUOTED_INCLUDE_IN_FRAMEWORK_HEADER = YES;
				CLANG_WARN_RANGE_LOOP_ANALYSIS = YES;
				CLANG_WARN_STRICT_PROTOTYPES = YES;
				CLANG_WARN_SUSPICIOUS_MOVE = YES;
				CLANG_WARN_UNGUARDED_AVAILABILITY = YES_AGGRESSIVE;
				CLANG_WARN_UNREACHABLE_CODE = YES;
				CLANG_WARN__DUPLICATE_METHOD_MATCH = YES;
				COPY_PHASE_STRIP = NO;
				DEBUG_INFORMATION_FORMAT = dwarf;
				ENABLE_STRICT_OBJC_MSGSEND = YES;
				ENABLE_TESTABILITY = YES;
				GCC_C_LANGUAGE_STANDARD = gnu11;
				GCC_DYNAMIC_NO_PIC = NO;
				GCC_NO_COMMON_BLOCKS = YES;
				GCC_OPTIMIZATION_LEVEL = 0;
				GCC_PREPROCESSOR_DEFINITIONS = (
					"DEBUG=1",
					"$(inherited)",
				);
				GCC_WARN_64_TO_32_BIT_CONVERSION = YES;
				GCC_WARN_ABOUT_RETURN_TYPE = YES_ERROR;
				GCC_WARN_UNDECLARED_SELECTOR = YES;
				GCC_WARN_UNINITIALIZED_AUTOS = YES_AGGRESSIVE;
				GCC_WARN_UNUSED_FUNCTION = YES;
				GCC_WARN_UNUSED_VARIABLE = YES;
				IPHONEOS_DEPLOYMENT_TARGET = 15.0;
				MTL_ENABLE_DEBUG_INFO = INCLUDE_SOURCE;
				MTL_FAST_MATH = YES;
				ONLY_ACTIVE_ARCH = YES;
				SDKROOT = iphoneos;
				SWIFT_ACTIVE_COMPILATION_CONDITIONS = DEBUG;
				SWIFT_OPTIMIZATION_LEVEL = "-Onone";
			};
			name = Debug;
		};
		04BDB8F7297066A2002BA11D /* Release */ = {
			isa = XCBuildConfiguration;
			buildSettings = {
				ALWAYS_SEARCH_USER_PATHS = NO;
				CLANG_ANALYZER_NONNULL = YES;
				CLANG_ANALYZER_NUMBER_OBJECT_CONVERSION = YES_AGGRESSIVE;
				CLANG_CXX_LANGUAGE_STANDARD = "gnu++20";
				CLANG_ENABLE_MODULES = YES;
				CLANG_ENABLE_OBJC_ARC = YES;
				CLANG_ENABLE_OBJC_WEAK = YES;
				CLANG_WARN_BLOCK_CAPTURE_AUTORELEASING = YES;
				CLANG_WARN_BOOL_CONVERSION = YES;
				CLANG_WARN_COMMA = YES;
				CLANG_WARN_CONSTANT_CONVERSION = YES;
				CLANG_WARN_DEPRECATED_OBJC_IMPLEMENTATIONS = YES;
				CLANG_WARN_DIRECT_OBJC_ISA_USAGE = YES_ERROR;
				CLANG_WARN_DOCUMENTATION_COMMENTS = YES;
				CLANG_WARN_EMPTY_BODY = YES;
				CLANG_WARN_ENUM_CONVERSION = YES;
				CLANG_WARN_INFINITE_RECURSION = YES;
				CLANG_WARN_INT_CONVERSION = YES;
				CLANG_WARN_NON_LITERAL_NULL_CONVERSION = YES;
				CLANG_WARN_OBJC_IMPLICIT_RETAIN_SELF = YES;
				CLANG_WARN_OBJC_LITERAL_CONVERSION = YES;
				CLANG_WARN_OBJC_ROOT_CLASS = YES_ERROR;
				CLANG_WARN_QUOTED_INCLUDE_IN_FRAMEWORK_HEADER = YES;
				CLANG_WARN_RANGE_LOOP_ANALYSIS = YES;
				CLANG_WARN_STRICT_PROTOTYPES = YES;
				CLANG_WARN_SUSPICIOUS_MOVE = YES;
				CLANG_WARN_UNGUARDED_AVAILABILITY = YES_AGGRESSIVE;
				CLANG_WARN_UNREACHABLE_CODE = YES;
				CLANG_WARN__DUPLICATE_METHOD_MATCH = YES;
				COPY_PHASE_STRIP = NO;
				DEBUG_INFORMATION_FORMAT = "dwarf-with-dsym";
				ENABLE_NS_ASSERTIONS = NO;
				ENABLE_STRICT_OBJC_MSGSEND = YES;
				GCC_C_LANGUAGE_STANDARD = gnu11;
				GCC_NO_COMMON_BLOCKS = YES;
				GCC_WARN_64_TO_32_BIT_CONVERSION = YES;
				GCC_WARN_ABOUT_RETURN_TYPE = YES_ERROR;
				GCC_WARN_UNDECLARED_SELECTOR = YES;
				GCC_WARN_UNINITIALIZED_AUTOS = YES_AGGRESSIVE;
				GCC_WARN_UNUSED_FUNCTION = YES;
				GCC_WARN_UNUSED_VARIABLE = YES;
				IPHONEOS_DEPLOYMENT_TARGET = 15.0;
				MTL_ENABLE_DEBUG_INFO = NO;
				MTL_FAST_MATH = YES;
				SDKROOT = iphoneos;
				SWIFT_COMPILATION_MODE = wholemodule;
				SWIFT_OPTIMIZATION_LEVEL = "-O";
				VALIDATE_PRODUCT = YES;
			};
			name = Release;
		};
		04BDB8F9297066A2002BA11D /* Debug */ = {
			isa = XCBuildConfiguration;
			buildSettings = {
				ASSETCATALOG_COMPILER_APPICON_NAME = AppIcon;
				ASSETCATALOG_COMPILER_GLOBAL_ACCENT_COLOR_NAME = AccentColor;
				CODE_SIGN_STYLE = Automatic;
				CURRENT_PROJECT_VERSION = 1;
				DEVELOPMENT_TEAM = 37QDW9VYR6;
				GENERATE_INFOPLIST_FILE = YES;
				INFOPLIST_FILE = LoginWithoutStoryboards3/Info.plist;
				INFOPLIST_KEY_UIApplicationSupportsIndirectInputEvents = YES;
				INFOPLIST_KEY_UILaunchStoryboardName = LaunchScreen;
				INFOPLIST_KEY_UISupportedInterfaceOrientations_iPad = "UIInterfaceOrientationPortrait UIInterfaceOrientationPortraitUpsideDown UIInterfaceOrientationLandscapeLeft UIInterfaceOrientationLandscapeRight";
				INFOPLIST_KEY_UISupportedInterfaceOrientations_iPhone = "UIInterfaceOrientationPortrait UIInterfaceOrientationLandscapeLeft UIInterfaceOrientationLandscapeRight";
				LD_RUNPATH_SEARCH_PATHS = (
					"$(inherited)",
					"@executable_path/Frameworks",
				);
				MARKETING_VERSION = 1.0;
				PRODUCT_BUNDLE_IDENTIFIER = Seneca242.LoginWithoutStorybo;
				PRODUCT_NAME = "$(TARGET_NAME)";
				SWIFT_EMIT_LOC_STRINGS = YES;
				SWIFT_VERSION = 5.0;
				TARGETED_DEVICE_FAMILY = "1,2";
			};
			name = Debug;
		};
		04BDB8FA297066A2002BA11D /* Release */ = {
			isa = XCBuildConfiguration;
			buildSettings = {
				ASSETCATALOG_COMPILER_APPICON_NAME = AppIcon;
				ASSETCATALOG_COMPILER_GLOBAL_ACCENT_COLOR_NAME = AccentColor;
				CODE_SIGN_STYLE = Automatic;
				CURRENT_PROJECT_VERSION = 1;
				DEVELOPMENT_TEAM = 37QDW9VYR6;
				GENERATE_INFOPLIST_FILE = YES;
				INFOPLIST_FILE = LoginWithoutStoryboards3/Info.plist;
				INFOPLIST_KEY_UIApplicationSupportsIndirectInputEvents = YES;
				INFOPLIST_KEY_UILaunchStoryboardName = LaunchScreen;
				INFOPLIST_KEY_UISupportedInterfaceOrientations_iPad = "UIInterfaceOrientationPortrait UIInterfaceOrientationPortraitUpsideDown UIInterfaceOrientationLandscapeLeft UIInterfaceOrientationLandscapeRight";
				INFOPLIST_KEY_UISupportedInterfaceOrientations_iPhone = "UIInterfaceOrientationPortrait UIInterfaceOrientationLandscapeLeft UIInterfaceOrientationLandscapeRight";
				LD_RUNPATH_SEARCH_PATHS = (
					"$(inherited)",
					"@executable_path/Frameworks",
				);
				MARKETING_VERSION = 1.0;
				PRODUCT_BUNDLE_IDENTIFIER = Seneca242.LoginWithoutStorybo;
				PRODUCT_NAME = "$(TARGET_NAME)";
				SWIFT_EMIT_LOC_STRINGS = YES;
				SWIFT_VERSION = 5.0;
				TARGETED_DEVICE_FAMILY = "1,2";
			};
			name = Release;
		};
/* End XCBuildConfiguration section */

/* Begin XCConfigurationList section */
		04BDB8DF2970669E002BA11D /* Build configuration list for PBXProject "LoginWithoutStoryboards3" */ = {
			isa = XCConfigurationList;
			buildConfigurations = (
				04BDB8F6297066A2002BA11D /* Debug */,
				04BDB8F7297066A2002BA11D /* Release */,
			);
			defaultConfigurationIsVisible = 0;
			defaultConfigurationName = Release;
		};
		04BDB8F8297066A2002BA11D /* Build configuration list for PBXNativeTarget "LoginWithoutStoryboards3" */ = {
			isa = XCConfigurationList;
			buildConfigurations = (
				04BDB8F9297066A2002BA11D /* Debug */,
				04BDB8FA297066A2002BA11D /* Release */,
			);
			defaultConfigurationIsVisible = 0;
			defaultConfigurationName = Release;
		};
/* End XCConfigurationList section */
	};
	rootObject = 04BDB8DC2970669E002BA11D /* Project object */;
}
